
Microsoft Visual Studio Solution File, Format Version 12.00
# Visual Studio Version 16
VisualStudioVersion = 16.0.31129.286
MinimumVisualStudioVersion = 10.0.40219.1
Project("{2150E333-8FDC-42A3-9474-1A3956D46DE8}") = "Services", "Services", "{9D59C61F-6FDD-47A3-81F0-CD31908136F2}"
EndProject
Project("{2150E333-8FDC-42A3-9474-1A3956D46DE8}") = "WebApps", "WebApps", "{4A3C74B8-0068-451C-A490-3CA177E98E03}"
EndProject
Project("{2150E333-8FDC-42A3-9474-1A3956D46DE8}") = "Cadastros", "Cadastros", "{6E6921C7-7FE3-47DB-B894-7805D06A6A5B}"
EndProject
Project("{2150E333-8FDC-42A3-9474-1A3956D46DE8}") = "Catalogo", "Catalogo", "{42702574-6BCB-4463-9366-73E1B38D9A63}"
EndProject
Project("{2150E333-8FDC-42A3-9474-1A3956D46DE8}") = "Core", "Core", "{DCC7147F-1DDD-40C4-BD20-F595F8575F0A}"
EndProject
Project("{2150E333-8FDC-42A3-9474-1A3956D46DE8}") = "Fiscal", "Fiscal", "{E188EAAC-B9EE-4265-A052-6531A6065D5F}"
EndProject
Project("{2150E333-8FDC-42A3-9474-1A3956D46DE8}") = "Pagamentos", "Pagamentos", "{30F7C0FE-2E99-4C13-BA82-07B6B56AB4FB}"
EndProject
Project("{2150E333-8FDC-42A3-9474-1A3956D46DE8}") = "Vendas", "Vendas", "{DBBCE4C6-3D73-4639-AB74-F2239272773D}"
EndProject
Project("{FAE04EC0-301F-11D3-BF4B-00C04F79EFBC}") = "NerdStore.Catalogo.Domain", "src\NerdStore.Catalogo.Domain\NerdStore.Catalogo.Domain.csproj", "{C984BFC5-8747-4F8B-A71B-97E46A846E62}"
EndProject
Project("{FAE04EC0-301F-11D3-BF4B-00C04F79EFBC}") = "NerdStore.Core", "src\NerdStore.Core\NerdStore.Core.csproj", "{305BBA10-F830-42D5-B470-5A1531D7D246}"
EndProject
Global
	GlobalSection(SolutionConfigurationPlatforms) = preSolution
		Debug|Any CPU = Debug|Any CPU
		Release|Any CPU = Release|Any CPU
	EndGlobalSection
	GlobalSection(ProjectConfigurationPlatforms) = postSolution
		{C984BFC5-8747-4F8B-A71B-97E46A846E62}.Debug|Any CPU.ActiveCfg = Debug|Any CPU
		{C984BFC5-8747-4F8B-A71B-97E46A846E62}.Debug|Any CPU.Build.0 = Debug|Any CPU
		{C984BFC5-8747-4F8B-A71B-97E46A846E62}.Release|Any CPU.ActiveCfg = Release|Any CPU
		{C984BFC5-8747-4F8B-A71B-97E46A846E62}.Release|Any CPU.Build.0 = Release|Any CPU
		{305BBA10-F830-42D5-B470-5A1531D7D246}.Debug|Any CPU.ActiveCfg = Debug|Any CPU
		{305BBA10-F830-42D5-B470-5A1531D7D246}.Debug|Any CPU.Build.0 = Debug|Any CPU
		{305BBA10-F830-42D5-B470-5A1531D7D246}.Release|Any CPU.ActiveCfg = Release|Any CPU
		{305BBA10-F830-42D5-B470-5A1531D7D246}.Release|Any CPU.Build.0 = Release|Any CPU
	EndGlobalSection
	GlobalSection(SolutionProperties) = preSolution
		HideSolutionNode = FALSE
	EndGlobalSection
	GlobalSection(NestedProjects) = preSolution
		{6E6921C7-7FE3-47DB-B894-7805D06A6A5B} = {9D59C61F-6FDD-47A3-81F0-CD31908136F2}
		{42702574-6BCB-4463-9366-73E1B38D9A63} = {9D59C61F-6FDD-47A3-81F0-CD31908136F2}
		{DCC7147F-1DDD-40C4-BD20-F595F8575F0A} = {9D59C61F-6FDD-47A3-81F0-CD31908136F2}
		{E188EAAC-B9EE-4265-A052-6531A6065D5F} = {9D59C61F-6FDD-47A3-81F0-CD31908136F2}
		{30F7C0FE-2E99-4C13-BA82-07B6B56AB4FB} = {9D59C61F-6FDD-47A3-81F0-CD31908136F2}
		{DBBCE4C6-3D73-4639-AB74-F2239272773D} = {9D59C61F-6FDD-47A3-81F0-CD31908136F2}
		{C984BFC5-8747-4F8B-A71B-97E46A846E62} = {42702574-6BCB-4463-9366-73E1B38D9A63}
		{305BBA10-F830-42D5-B470-5A1531D7D246} = {DCC7147F-1DDD-40C4-BD20-F595F8575F0A}
	EndGlobalSection
	GlobalSection(ExtensibilityGlobals) = postSolution
		SolutionGuid = {B7D95D53-4044-462D-80C9-BF6A2BB3413E}
	EndGlobalSection
EndGlobal
